<?xml version="1.0" encoding="utf-8"?>
<Project ToolsVersion="4.0" xmlns="http://schemas.microsoft.com/developer/msbuild/2003">
  <ItemGroup>
    <Filter Include="Source Files">
      <UniqueIdentifier>{4FC737F1-C7A5-4376-A066-2A32D752A2FF}</UniqueIdentifier>
      <Extensions>cpp;c;cc;cxx;def;odl;idl;hpj;bat;asm;asmx</Extensions>
    </Filter>
    <Filter Include="Header Files">
      <UniqueIdentifier>{93995380-89BD-4b04-88EB-625FBE52EBFB}</UniqueIdentifier>
      <Extensions>h;hh;hpp;hxx;hm;inl;inc;ipp;xsd</Extensions>
    </Filter>
    <Filter Include="Resource Files">
      <UniqueIdentifier>{67DA6AB6-F800-4c08-8B7A-83BB121AAD01}</UniqueIdentifier>
      <Extensions>rc;ico;cur;bmp;dlg;rc2;rct;bin;rgs;gif;jpg;jpeg;jpe;resx;tiff;tif;png;wav;mfcribbon-ms</Extensions>
    </Filter>
    <Filter Include="Src">
      <UniqueIdentifier>{4b1c8e0c-ada4-419a-9095-44235c140be2}</UniqueIdentifier>
    </Filter>
  </ItemGroup>
  <ItemGroup>
    <ClCompile Include="LockStepServer.cpp">
      <Filter>Source Files</Filter>
    </ClCompile>
    <ClCompile Include="Server.cpp">
      <Filter>Source Files</Filter>
    </ClCompile>
    <ClCompile Include="..\Src\cell.cpp">
      <Filter>Src</Filter>
    </ClCompile>
    <ClCompile Include="..\Src\cell_task.cpp">
      <Filter>Src</Filter>
    </ClCompile>
    <ClCompile Include="..\Src\cell_thread.cpp">
      <Filter>Src</Filter>
    </ClCompile>
    <ClCompile Include="..\Src\client_socket.cpp">
      <Filter>Src</Filter>
    </ClCompile>
    <ClCompile Include="..\Src\mem_alloctor.cpp">
      <Filter>Src</Filter>
    </ClCompile>
    <ClCompile Include="..\Src\mem_manager.cpp">
      <Filter>Src</Filter>
    </ClCompile>
    <ClCompile Include="..\Src\net_event.cpp">
      <Filter>Src</Filter>
    </ClCompile>
    <ClCompile Include="..\Src\net_time.cpp">
      <Filter>Src</Filter>
    </ClCompile>
    <ClCompile Include="..\Src\object_pool.cpp">
      <Filter>Src</Filter>
    </ClCompile>
    <ClCompile Include="..\Src\semaphore.cpp">
      <Filter>Src</Filter>
    </ClCompile>
    <ClCompile Include="..\Src\tcp_client.cpp">
      <Filter>Src</Filter>
    </ClCompile>
    <ClCompile Include="..\Src\tcp_server.cpp">
      <Filter>Src</Filter>
    </ClCompile>
  </ItemGroup>
  <ItemGroup>
    <ClInclude Include="Server.h">
      <Filter>Source Files</Filter>
    </ClInclude>
    <ClInclude Include="..\Src\cell.h">
      <Filter>Src</Filter>
    </ClInclude>
    <ClInclude Include="..\Src\cell_task.h">
      <Filter>Src</Filter>
    </ClInclude>
    <ClInclude Include="..\Src\cell_thread.h">
      <Filter>Src</Filter>
    </ClInclude>
    <ClInclude Include="..\Src\client_socket.h">
      <Filter>Src</Filter>
    </ClInclude>
    <ClInclude Include="..\Src\mem_alloctor.h">
      <Filter>Src</Filter>
    </ClInclude>
    <ClInclude Include="..\Src\mem_manager.h">
      <Filter>Src</Filter>
    </ClInclude>
    <ClInclude Include="..\Src\message.hpp">
      <Filter>Src</Filter>
    </ClInclude>
    <ClInclude Include="..\Src\net_defined.hpp">
      <Filter>Src</Filter>
    </ClInclude>
    <ClInclude Include="..\Src\net_event.h">
      <Filter>Src</Filter>
    </ClInclude>
    <ClInclude Include="..\Src\net_time.h">
      <Filter>Src</Filter>
    </ClInclude>
    <ClInclude Include="..\Src\object_pool.h">
      <Filter>Src</Filter>
    </ClInclude>
    <ClInclude Include="..\Src\semaphore.h">
      <Filter>Src</Filter>
    </ClInclude>
    <ClInclude Include="..\Src\tcp_client.h">
      <Filter>Src</Filter>
    </ClInclude>
    <ClInclude Include="..\Src\tcp_server.h">
      <Filter>Src</Filter>
    </ClInclude>
  </ItemGroup>
</Project>